{
  "name": "cloud-documentation",
  "version": "1.0.0",
  "lockfileVersion": 1,
  "requires": true,
  "dependencies": {
    "ansi-regex": {
      "version": "2.1.1",
      "resolved": "https://registry.npmjs.org/ansi-regex/-/ansi-regex-2.1.1.tgz",
      "integrity": "sha1-w7M6te42DYbg5ijwRorn7yfWVN8=",
      "dev": true
    },
    "argparse": {
      "version": "1.0.10",
      "resolved": "https://registry.npmjs.org/argparse/-/argparse-1.0.10.tgz",
      "integrity": "sha512-o5Roy6tNG4SL/FOkCAN6RzjiakZS25RLYFrcMttJqbdd8BWrnA+fGz57iN5Pb06pvBGvl5gQ0B48dJlslXvoTg==",
      "dev": true,
      "requires": {
        "sprintf-js": "~1.0.2"
      }
    },
    "async": {
      "version": "1.0.0",
      "resolved": "https://registry.npmjs.org/async/-/async-1.0.0.tgz",
      "integrity": "sha1-+PwEyjoTeErenhZBr5hXjPvWR6k=",
      "dev": true
    },
    "babel-runtime": {
      "version": "6.26.0",
      "resolved": "https://registry.npmjs.org/babel-runtime/-/babel-runtime-6.26.0.tgz",
      "integrity": "sha1-llxwWGaOgrVde/4E/yM3vItWR/4=",
      "dev": true,
      "requires": {
        "core-js": "^2.4.0",
        "regenerator-runtime": "^0.11.0"
      }
    },
    "camelcase": {
      "version": "3.0.0",
      "resolved": "https://registry.npmjs.org/camelcase/-/camelcase-3.0.0.tgz",
      "integrity": "sha1-MvxLn82vhF/N9+c7uXysImHwqwo=",
      "dev": true
    },
    "cliui": {
      "version": "3.2.0",
      "resolved": "https://registry.npmjs.org/cliui/-/cliui-3.2.0.tgz",
      "integrity": "sha1-EgYBU3qRbSmUD5NNo7SNWFo5IT0=",
      "dev": true,
      "requires": {
        "string-width": "^1.0.1",
        "strip-ansi": "^3.0.1",
        "wrap-ansi": "^2.0.0"
      }
    },
    "code-point-at": {
      "version": "1.1.0",
      "resolved": "https://registry.npmjs.org/code-point-at/-/code-point-at-1.1.0.tgz",
      "integrity": "sha1-DQcLTQQ6W+ozovGkDi7bPZpMz3c=",
      "dev": true
    },
    "colors": {
      "version": "1.0.3",
      "resolved": "https://registry.npmjs.org/colors/-/colors-1.0.3.tgz",
      "integrity": "sha1-BDP0TYCWgP3rYO0mDxsMJi6CpAs=",
      "dev": true
    },
    "common-tags": {
      "version": "1.3.0",
      "resolved": "https://registry.npmjs.org/common-tags/-/common-tags-1.3.0.tgz",
      "integrity": "sha1-3xwS1JuhMMnlXYumKJLTz663l08=",
      "dev": true,
      "requires": {
        "babel-runtime": "^6.9.1"
      }
    },
    "core-js": {
      "version": "2.6.10",
      "resolved": "https://registry.npmjs.org/core-js/-/core-js-2.6.10.tgz",
      "integrity": "sha512-I39t74+4t+zau64EN1fE5v2W31Adtc/REhzWN+gWRRXg6WH5qAsZm62DHpQ1+Yhe4047T55jvzz7MUqF/dBBlA==",
      "dev": true
    },
    "cycle": {
      "version": "1.0.3",
      "resolved": "https://registry.npmjs.org/cycle/-/cycle-1.0.3.tgz",
      "integrity": "sha1-IegLK+hYD5i0aPN5QwZisEbDStI=",
      "dev": true
    },
    "decamelize": {
      "version": "1.2.0",
      "resolved": "https://registry.npmjs.org/decamelize/-/decamelize-1.2.0.tgz",
      "integrity": "sha1-9lNNFRSCabIDUue+4m9QH5oZEpA=",
      "dev": true
    },
    "denodeify": {
      "version": "1.2.1",
      "resolved": "https://registry.npmjs.org/denodeify/-/denodeify-1.2.1.tgz",
      "integrity": "sha1-OjYof1A05pnnV3kBBSwubJQlFjE=",
      "dev": true
    },
    "entities": {
      "version": "1.1.2",
      "resolved": "https://registry.npmjs.org/entities/-/entities-1.1.2.tgz",
      "integrity": "sha512-f2LZMYl1Fzu7YSBKg+RoROelpOaNrcGmE9AZubeDfrCEia483oW4MI4VyFd5VNHIgQ/7qm1I0wUHK1eJnn2y2w==",
      "dev": true
    },
    "error-ex": {
      "version": "1.3.2",
      "resolved": "https://registry.npmjs.org/error-ex/-/error-ex-1.3.2.tgz",
      "integrity": "sha512-7dFHNmqeFSEt2ZBsCriorKnn3Z2pj+fd9kmI6QoWw4//DL+icEBfc0U7qJCisqrTsKTjw4fNFy2pW9OqStD84g==",
      "dev": true,
      "requires": {
        "is-arrayish": "^0.2.1"
      }
    },
    "es6-promise": {
      "version": "3.2.1",
      "resolved": "https://registry.npmjs.org/es6-promise/-/es6-promise-3.2.1.tgz",
      "integrity": "sha1-7FYjOGgDKQkgcXDDlEjiREndH8Q=",
      "dev": true
    },
    "eyes": {
      "version": "0.1.8",
      "resolved": "https://registry.npmjs.org/eyes/-/eyes-0.1.8.tgz",
      "integrity": "sha1-Ys8SAjTGg3hdkCNIqADvPgzCC8A=",
      "dev": true
    },
    "find-up": {
      "version": "1.1.2",
      "resolved": "https://registry.npmjs.org/find-up/-/find-up-1.1.2.tgz",
      "integrity": "sha1-ay6YIrGizgpgq2TWEOzK1TyyTQ8=",
      "dev": true,
      "requires": {
        "path-exists": "^2.0.0",
        "pinkie-promise": "^2.0.0"
      }
    },
    "graceful-fs": {
      "version": "4.2.3",
      "resolved": "https://registry.npmjs.org/graceful-fs/-/graceful-fs-4.2.3.tgz",
      "integrity": "sha512-a30VEBm4PEdx1dRB7MFK7BejejvCvBronbLjht+sHuGYj8PHs7M/5Z+rt5lw551vZ7yfTCj4Vuyy3mSJytDWRQ==",
      "dev": true
    },
    "himalaya": {
      "version": "0.2.0",
      "resolved": "https://registry.npmjs.org/himalaya/-/himalaya-0.2.0.tgz",
      "integrity": "sha1-uDU6iIcqHS1xvn2aWoYoC+OXCRA=",
      "dev": true,
      "requires": {
        "paul": "0.0.3"
      }
    },
    "hosted-git-info": {
      "version": "2.8.5",
      "resolved": "https://registry.npmjs.org/hosted-git-info/-/hosted-git-info-2.8.5.tgz",
      "integrity": "sha512-kssjab8CvdXfcXMXVcvsXum4Hwdq9XGtRD3TteMEvEbq0LXyiNQr6AprqKqfeaDXze7SxWvRxdpwE6ku7ikLkg==",
      "dev": true
    },
    "invert-kv": {
      "version": "1.0.0",
      "resolved": "https://registry.npmjs.org/invert-kv/-/invert-kv-1.0.0.tgz",
      "integrity": "sha1-EEqOSqym09jNFXqO+L+rLXo//bY=",
      "dev": true
    },
    "is-arrayish": {
      "version": "0.2.1",
      "resolved": "https://registry.npmjs.org/is-arrayish/-/is-arrayish-0.2.1.tgz",
      "integrity": "sha1-d8mYQFJ6qOyxqLppe4BkWnqSap0=",
      "dev": true
    },
    "is-fullwidth-code-point": {
      "version": "1.0.0",
      "resolved": "https://registry.npmjs.org/is-fullwidth-code-point/-/is-fullwidth-code-point-1.0.0.tgz",
      "integrity": "sha1-754xOG8DGn8NZDr4L95QxFfvAMs=",
      "dev": true,
      "requires": {
        "number-is-nan": "^1.0.0"
      }
    },
    "is-utf8": {
      "version": "0.2.1",
      "resolved": "https://registry.npmjs.org/is-utf8/-/is-utf8-0.2.1.tgz",
      "integrity": "sha1-Sw2hRCEE0bM2NA6AeX6GXPOffXI=",
      "dev": true
    },
    "isstream": {
      "version": "0.1.2",
      "resolved": "https://registry.npmjs.org/isstream/-/isstream-0.1.2.tgz",
      "integrity": "sha1-R+Y/evVa+m+S4VAOaQ64uFKcCZo=",
      "dev": true
    },
    "lcid": {
      "version": "1.0.0",
      "resolved": "https://registry.npmjs.org/lcid/-/lcid-1.0.0.tgz",
      "integrity": "sha1-MIrMr6C8SDo4Z7S28rlQYlHRuDU=",
      "dev": true,
      "requires": {
        "invert-kv": "^1.0.0"
      }
    },
    "linkify-it": {
      "version": "1.2.4",
      "resolved": "https://registry.npmjs.org/linkify-it/-/linkify-it-1.2.4.tgz",
      "integrity": "sha1-B3NSbDF8j9E71TTuHRgP+Iq/iBo=",
      "dev": true,
      "requires": {
        "uc.micro": "^1.0.1"
      }
    },
    "load-json-file": {
      "version": "1.1.0",
      "resolved": "https://registry.npmjs.org/load-json-file/-/load-json-file-1.1.0.tgz",
      "integrity": "sha1-lWkFcI1YtLq0wiYbBPWfMcmTdMA=",
      "dev": true,
      "requires": {
        "graceful-fs": "^4.1.2",
        "parse-json": "^2.2.0",
        "pify": "^2.0.0",
        "pinkie-promise": "^2.0.0",
        "strip-bom": "^2.0.0"
      }
    },
    "lodash.assign": {
      "version": "4.2.0",
      "resolved": "https://registry.npmjs.org/lodash.assign/-/lodash.assign-4.2.0.tgz",
      "integrity": "sha1-DZnzzNem0mHRm9rrkkUAXShYCOc=",
      "dev": true
    },
    "markdown-it": {
      "version": "6.0.2",
      "resolved": "https://registry.npmjs.org/markdown-it/-/markdown-it-6.0.2.tgz",
      "integrity": "sha1-9wHqaNGRYdEDzhvsFhtY9Zj1E9Q=",
      "dev": true,
      "requires": {
        "argparse": "^1.0.7",
        "entities": "~1.1.1",
        "linkify-it": "~1.2.0",
        "mdurl": "~1.0.1",
        "uc.micro": "^1.0.0"
      }
    },
    "markdown-it-alerts": {
      "version": "0.1.0",
      "resolved": "https://registry.npmjs.org/markdown-it-alerts/-/markdown-it-alerts-0.1.0.tgz",
      "integrity": "sha1-yCqzCQMPsTbyLWnu3+Z6XCfgQG8=",
      "dev": true,
      "requires": {
        "markdown-it-container": "^2.0.0"
      }
    },
    "markdown-it-container": {
      "version": "2.0.0",
      "resolved": "https://registry.npmjs.org/markdown-it-container/-/markdown-it-container-2.0.0.tgz",
      "integrity": "sha1-ABm0P9Au7+zi8ZYKKJX7qBpARpU=",
      "dev": true
    },
    "markdown-it-decorate": {
      "version": "1.2.1",
      "resolved": "https://registry.npmjs.org/markdown-it-decorate/-/markdown-it-decorate-1.2.1.tgz",
      "integrity": "sha1-CKkk6WPilKIITlSxC/cRgQugvfQ=",
      "dev": true
    },
    "markdown-it-fontawesome": {
      "version": "0.2.0",
      "resolved": "https://registry.npmjs.org/markdown-it-fontawesome/-/markdown-it-fontawesome-0.2.0.tgz",
      "integrity": "sha1-LCdqGqFRyo4Prhr01XYfaNj5r9M=",
      "dev": true,
      "requires": {
        "markdown-it-regexp": "^0.4.0"
      }
    },
    "markdown-it-for-inline": {
      "version": "0.1.1",
      "resolved": "https://registry.npmjs.org/markdown-it-for-inline/-/markdown-it-for-inline-0.1.1.tgz",
      "integrity": "sha1-Q18jFvW15o4UUM+iJC8rjVmtx18=",
      "dev": true
    },
    "markdown-it-regexp": {
      "version": "0.4.0",
      "resolved": "https://registry.npmjs.org/markdown-it-regexp/-/markdown-it-regexp-0.4.0.tgz",
      "integrity": "sha1-1k1xPuzsVc5M/esyF1DswJniwtw=",
      "dev": true
    },
    "markdown-it-smartarrows": {
      "version": "1.0.1",
      "resolved": "https://registry.npmjs.org/markdown-it-smartarrows/-/markdown-it-smartarrows-1.0.1.tgz",
      "integrity": "sha1-tXDpwP+YEuDbas4Zr6W6ErZLuac=",
      "dev": true
    },
    "mdurl": {
      "version": "1.0.1",
      "resolved": "https://registry.npmjs.org/mdurl/-/mdurl-1.0.1.tgz",
      "integrity": "sha1-/oWy7HWlkDfyrf7BAP1sYBdhFS4=",
      "dev": true
    },
    "minimist": {
      "version": "0.0.8",
      "resolved": "https://registry.npmjs.org/minimist/-/minimist-0.0.8.tgz",
      "integrity": "sha1-hX/Kv8M5fSYluCKCYuhqp6ARsF0=",
      "dev": true
    },
    "mkdirp": {
      "version": "0.5.1",
      "resolved": "https://registry.npmjs.org/mkdirp/-/mkdirp-0.5.1.tgz",
      "integrity": "sha1-MAV0OOrGz3+MR2fzhkjWaX11yQM=",
      "dev": true,
      "requires": {
        "minimist": "0.0.8"
      }
    },
    "normalize-package-data": {
      "version": "2.5.0",
      "resolved": "https://registry.npmjs.org/normalize-package-data/-/normalize-package-data-2.5.0.tgz",
      "integrity": "sha512-/5CMN3T0R4XTj4DcGaexo+roZSdSFW/0AOOTROrjxzCG1wrWXEsGbRKevjlIL+ZDE4sZlJr5ED4YW0yqmkK+eA==",
      "dev": true,
      "requires": {
        "hosted-git-info": "^2.1.4",
        "resolve": "^1.10.0",
        "semver": "2 || 3 || 4 || 5",
        "validate-npm-package-license": "^3.0.1"
      }
    },
    "number-is-nan": {
      "version": "1.0.1",
      "resolved": "https://registry.npmjs.org/number-is-nan/-/number-is-nan-1.0.1.tgz",
      "integrity": "sha1-CXtgK1NCKlIsGvuHkDGDNpQaAR0=",
      "dev": true
    },
    "object-assign": {
      "version": "4.1.1",
      "resolved": "https://registry.npmjs.org/object-assign/-/object-assign-4.1.1.tgz",
      "integrity": "sha1-IQmtx5ZYh8/AXLvUQsrIv7s2CGM=",
      "dev": true
    },
    "os-locale": {
      "version": "1.4.0",
      "resolved": "https://registry.npmjs.org/os-locale/-/os-locale-1.4.0.tgz",
      "integrity": "sha1-IPnxeuKe00XoveWDsT0gCYA8FNk=",
      "dev": true,
      "requires": {
        "lcid": "^1.0.0"
      }
    },
    "parse-json": {
      "version": "2.2.0",
      "resolved": "https://registry.npmjs.org/parse-json/-/parse-json-2.2.0.tgz",
      "integrity": "sha1-9ID0BDTvgHQfhGkJn43qGPVaTck=",
      "dev": true,
      "requires": {
        "error-ex": "^1.2.0"
      }
    },
    "path-exists": {
      "version": "2.1.0",
      "resolved": "https://registry.npmjs.org/path-exists/-/path-exists-2.1.0.tgz",
      "integrity": "sha1-D+tsZPD8UY2adU3V77YscCJ2H0s=",
      "dev": true,
      "requires": {
        "pinkie-promise": "^2.0.0"
      }
    },
    "path-parse": {
      "version": "1.0.6",
      "resolved": "https://registry.npmjs.org/path-parse/-/path-parse-1.0.6.tgz",
      "integrity": "sha512-GSmOT2EbHrINBf9SR7CDELwlJ8AENk3Qn7OikK4nFYAu3Ote2+JYNVvkpAEQm3/TLNEJFD/xZJjzyxg3KBWOzw==",
      "dev": true
    },
    "path-type": {
      "version": "1.1.0",
      "resolved": "https://registry.npmjs.org/path-type/-/path-type-1.1.0.tgz",
      "integrity": "sha1-WcRPfuSR2nBNpBXaWkBwuk+P5EE=",
      "dev": true,
      "requires": {
        "graceful-fs": "^4.1.2",
        "pify": "^2.0.0",
        "pinkie-promise": "^2.0.0"
      }
    },
    "paul": {
      "version": "0.0.3",
      "resolved": "https://registry.npmjs.org/paul/-/paul-0.0.3.tgz",
      "integrity": "sha1-f77zPfaTbAUMt+nADCLL0RC3u08=",
      "dev": true
    },
    "pify": {
      "version": "2.3.0",
      "resolved": "https://registry.npmjs.org/pify/-/pify-2.3.0.tgz",
      "integrity": "sha1-7RQaasBDqEnqWISY59yosVMw6Qw=",
      "dev": true
    },
    "pinkie": {
      "version": "2.0.4",
      "resolved": "https://registry.npmjs.org/pinkie/-/pinkie-2.0.4.tgz",
      "integrity": "sha1-clVrgM+g1IqXToDnckjoDtT3+HA=",
      "dev": true
    },
    "pinkie-promise": {
      "version": "2.0.1",
      "resolved": "https://registry.npmjs.org/pinkie-promise/-/pinkie-promise-2.0.1.tgz",
      "integrity": "sha1-ITXW36ejWMBprJsXh3YogihFD/o=",
      "dev": true,
      "requires": {
        "pinkie": "^2.0.0"
      }
    },
    "pkg-conf": {
      "version": "1.1.3",
      "resolved": "https://registry.npmjs.org/pkg-conf/-/pkg-conf-1.1.3.tgz",
      "integrity": "sha1-N45W1v0T6Iv7b0ol33qD+qvduls=",
      "dev": true,
      "requires": {
        "find-up": "^1.0.0",
        "load-json-file": "^1.1.0",
        "object-assign": "^4.0.1",
        "symbol": "^0.2.1"
      }
    },
    "pkginfo": {
      "version": "0.3.1",
      "resolved": "https://registry.npmjs.org/pkginfo/-/pkginfo-0.3.1.tgz",
      "integrity": "sha1-Wyn2qB9wcXFC4J52W76rl7T4HiE=",
      "dev": true
    },
    "query-string": {
      "version": "4.2.2",
      "resolved": "https://registry.npmjs.org/query-string/-/query-string-4.2.2.tgz",
      "integrity": "sha1-iIpvy292Bwujny8wJchwmd76FkU=",
      "dev": true,
      "requires": {
        "object-assign": "^4.1.0",
        "strict-uri-encode": "^1.0.0"
      }
    },
    "read-pkg": {
      "version": "1.1.0",
      "resolved": "https://registry.npmjs.org/read-pkg/-/read-pkg-1.1.0.tgz",
      "integrity": "sha1-9f+qXs0pyzHAR0vKfXVra7KePyg=",
      "dev": true,
      "requires": {
        "load-json-file": "^1.0.0",
        "normalize-package-data": "^2.3.2",
        "path-type": "^1.0.0"
      }
    },
    "read-pkg-up": {
      "version": "1.0.1",
      "resolved": "https://registry.npmjs.org/read-pkg-up/-/read-pkg-up-1.0.1.tgz",
      "integrity": "sha1-nWPBMnbAZZGNV/ACpX9AobZD+wI=",
      "dev": true,
      "requires": {
        "find-up": "^1.0.0",
        "read-pkg": "^1.0.0"
      }
    },
    "regenerator-runtime": {
      "version": "0.11.1",
      "resolved": "https://registry.npmjs.org/regenerator-runtime/-/regenerator-runtime-0.11.1.tgz",
      "integrity": "sha512-MguG95oij0fC3QV3URf4V2SDYGJhJnJGqvIIgdECeODCT98wSWDAJ94SSuVpYQUoTcGUIL6L4yNB7j1DFFHSBg==",
      "dev": true
    },
    "require-main-filename": {
      "version": "1.0.1",
      "resolved": "https://registry.npmjs.org/require-main-filename/-/require-main-filename-1.0.1.tgz",
      "integrity": "sha1-l/cXtp1IeE9fUmpsWqj/3aBVpNE=",
      "dev": true
    },
    "resolve": {
      "version": "1.13.0",
      "resolved": "https://registry.npmjs.org/resolve/-/resolve-1.13.0.tgz",
      "integrity": "sha512-HHZ3hmOrk5SvybTb18xq4Ek2uLqLO5/goFCYUyvn26nWox4hdlKlfC/+dChIZ6qc4ZeYcN9ekTz0yyHsFgumMw==",
      "dev": true,
      "requires": {
        "path-parse": "^1.0.6"
      }
    },
    "semver": {
      "version": "5.7.1",
      "resolved": "https://registry.npmjs.org/semver/-/semver-5.7.1.tgz",
      "integrity": "sha512-sauaDf/PZdVgrLTNYHRtpXa1iRiKcaebiKQ1BJdpQlWH2lCvexQdX55snPFyK7QzpudqbCI0qXFfOasHdyNDGQ==",
      "dev": true
    },
    "set-blocking": {
      "version": "1.0.0",
      "resolved": "https://registry.npmjs.org/set-blocking/-/set-blocking-1.0.0.tgz",
      "integrity": "sha1-zV5dk4BI3xrJLf6S4fFq3WVvXsU=",
      "dev": true
    },
    "spdx-correct": {
      "version": "3.1.0",
      "resolved": "https://registry.npmjs.org/spdx-correct/-/spdx-correct-3.1.0.tgz",
      "integrity": "sha512-lr2EZCctC2BNR7j7WzJ2FpDznxky1sjfxvvYEyzxNyb6lZXHODmEoJeFu4JupYlkfha1KZpJyoqiJ7pgA1qq8Q==",
      "dev": true,
      "requires": {
        "spdx-expression-parse": "^3.0.0",
        "spdx-license-ids": "^3.0.0"
      }
    },
    "spdx-exceptions": {
      "version": "2.2.0",
      "resolved": "https://registry.npmjs.org/spdx-exceptions/-/spdx-exceptions-2.2.0.tgz",
      "integrity": "sha512-2XQACfElKi9SlVb1CYadKDXvoajPgBVPn/gOQLrTvHdElaVhr7ZEbqJaRnJLVNeaI4cMEAgVCeBMKF6MWRDCRA==",
      "dev": true
    },
    "spdx-expression-parse": {
      "version": "3.0.0",
      "resolved": "https://registry.npmjs.org/spdx-expression-parse/-/spdx-expression-parse-3.0.0.tgz",
      "integrity": "sha512-Yg6D3XpRD4kkOmTpdgbUiEJFKghJH03fiC1OPll5h/0sO6neh2jqRDVHOQ4o/LMea0tgCkbMgea5ip/e+MkWyg==",
      "dev": true,
      "requires": {
        "spdx-exceptions": "^2.1.0",
        "spdx-license-ids": "^3.0.0"
      }
    },
    "spdx-license-ids": {
      "version": "3.0.5",
      "resolved": "https://registry.npmjs.org/spdx-license-ids/-/spdx-license-ids-3.0.5.tgz",
      "integrity": "sha512-J+FWzZoynJEXGphVIS+XEh3kFSjZX/1i9gFBaWQcB+/tmpe2qUsSBABpcxqxnAxFdiUFEgAX1bjYGQvIZmoz9Q==",
      "dev": true
    },
    "sprintf-js": {
      "version": "1.0.3",
      "resolved": "https://registry.npmjs.org/sprintf-js/-/sprintf-js-1.0.3.tgz",
      "integrity": "sha1-BOaSb2YolTVPPdAVIDYzuFcpfiw=",
      "dev": true
    },
    "stack-trace": {
      "version": "0.0.10",
      "resolved": "https://registry.npmjs.org/stack-trace/-/stack-trace-0.0.10.tgz",
      "integrity": "sha1-VHxws0fo0ytOEI6hoqFZ5f3eGcA=",
      "dev": true
    },
    "strict-uri-encode": {
      "version": "1.1.0",
      "resolved": "https://registry.npmjs.org/strict-uri-encode/-/strict-uri-encode-1.1.0.tgz",
      "integrity": "sha1-J5siXfHVgrH1TmWt3UNS4Y+qBxM=",
      "dev": true
    },
    "string-width": {
      "version": "1.0.2",
      "resolved": "https://registry.npmjs.org/string-width/-/string-width-1.0.2.tgz",
      "integrity": "sha1-EYvfW4zcUaKn5w0hHgfisLmxB9M=",
      "dev": true,
      "requires": {
        "code-point-at": "^1.0.0",
        "is-fullwidth-code-point": "^1.0.0",
        "strip-ansi": "^3.0.0"
      }
    },
    "strip-ansi": {
      "version": "3.0.1",
      "resolved": "https://registry.npmjs.org/strip-ansi/-/strip-ansi-3.0.1.tgz",
      "integrity": "sha1-ajhfuIU9lS1f8F0Oiq+UJ43GPc8=",
      "dev": true,
      "requires": {
        "ansi-regex": "^2.0.0"
      }
    },
    "strip-bom": {
      "version": "2.0.0",
      "resolved": "https://registry.npmjs.org/strip-bom/-/strip-bom-2.0.0.tgz",
      "integrity": "sha1-YhmoVhZSBJHzV4i9vxRHqZx+aw4=",
      "dev": true,
      "requires": {
        "is-utf8": "^0.2.0"
      }
    },
    "symbol": {
      "version": "0.2.3",
      "resolved": "https://registry.npmjs.org/symbol/-/symbol-0.2.3.tgz",
      "integrity": "sha1-O5hzuKkB5Hxu/iFSajrDcu8ou8c=",
      "dev": true
    },
    "uc.micro": {
      "version": "1.0.6",
      "resolved": "https://registry.npmjs.org/uc.micro/-/uc.micro-1.0.6.tgz",
      "integrity": "sha512-8Y75pvTYkLJW2hWQHXxoqRgV7qb9B+9vFEtidML+7koHUFapnVJAZ6cKs+Qjz5Aw3aZWHMC6u0wJE3At+nSGwA==",
      "dev": true
    },
    "validate-npm-package-license": {
      "version": "3.0.4",
      "resolved": "https://registry.npmjs.org/validate-npm-package-license/-/validate-npm-package-license-3.0.4.tgz",
      "integrity": "sha512-DpKm2Ui/xN7/HQKCtpZxoRWBhZ9Z0kqtygG8XCgNQ8ZlDnxuQmWhj566j8fN4Cu3/JmbhsDo7fcAJq4s9h27Ew==",
      "dev": true,
      "requires": {
        "spdx-correct": "^3.0.0",
        "spdx-expression-parse": "^3.0.0"
      }
    },
    "window-size": {
      "version": "0.2.0",
      "resolved": "https://registry.npmjs.org/window-size/-/window-size-0.2.0.tgz",
      "integrity": "sha1-tDFbtCFKPXBY6+7okuE/ok2YsHU=",
      "dev": true
    },
    "winston": {
      "version": "2.2.0",
      "resolved": "https://registry.npmjs.org/winston/-/winston-2.2.0.tgz",
      "integrity": "sha1-LIU92Hq1UqjoSF1yy7+aIobwKbc=",
      "dev": true,
      "requires": {
        "async": "~1.0.0",
        "colors": "1.0.x",
        "cycle": "1.0.x",
        "eyes": "0.1.x",
        "isstream": "0.1.x",
        "pkginfo": "0.3.x",
        "stack-trace": "0.0.x"
      }
    },
    "wrap-ansi": {
      "version": "2.1.0",
      "resolved": "https://registry.npmjs.org/wrap-ansi/-/wrap-ansi-2.1.0.tgz",
      "integrity": "sha1-2Pw9KE3QV5T+hJc8rs3Rz4JP3YU=",
      "dev": true,
      "requires": {
        "string-width": "^1.0.1",
        "strip-ansi": "^3.0.1"
      }
    },
    "xmldom": {
      "version": "0.1.22",
      "resolved": "https://registry.npmjs.org/xmldom/-/xmldom-0.1.22.tgz",
      "integrity": "sha1-EN5OXpZJgfA8jMcvrcCNFLbDqiY=",
      "dev": true
    },
    "xpath": {
      "version": "0.0.23",
      "resolved": "https://registry.npmjs.org/xpath/-/xpath-0.0.23.tgz",
      "integrity": "sha1-9ej9xr3H5yiFsyNPQMuiZpWAqvo=",
      "dev": true
    },
    "y18n": {
      "version": "3.2.1",
      "resolved": "https://registry.npmjs.org/y18n/-/y18n-3.2.1.tgz",
      "integrity": "sha1-bRX7qITAhnnA136I53WegR4H+kE=",
      "dev": true
    },
    "yargs": {
      "version": "4.7.1",
      "resolved": "https://registry.npmjs.org/yargs/-/yargs-4.7.1.tgz",
      "integrity": "sha1-5gQyZYozh/8mnAKOrN5KUS5Djf8=",
      "dev": true,
      "requires": {
        "camelcase": "^3.0.0",
        "cliui": "^3.2.0",
        "decamelize": "^1.1.1",
        "lodash.assign": "^4.0.3",
        "os-locale": "^1.4.0",
        "pkg-conf": "^1.1.2",
        "read-pkg-up": "^1.0.1",
        "require-main-filename": "^1.0.1",
        "set-blocking": "^1.0.0",
        "string-width": "^1.0.1",
        "window-size": "^0.2.0",
        "y18n": "^3.2.1",
        "yargs-parser": "^2.4.0"
      }
    },
    "yargs-parser": {
      "version": "2.4.1",
      "resolved": "https://registry.npmjs.org/yargs-parser/-/yargs-parser-2.4.1.tgz",
      "integrity": "sha1-hVaN488VD/SfpRgl8DqMiA3cxcQ=",
      "dev": true,
      "requires": {
        "camelcase": "^3.0.0",
        "lodash.assign": "^4.0.6"
      }
    }
  }
}
